# Generated by conda-lock.
# platform: linux-aarch64
# input_hash: 16f9305a8777cd93fd0d38186c8a1c5be8b1961e881aa810040881b0f7d0e93b
@EXPLICIT
https://repo.anaconda.com/pkgs/main/linux-aarch64/_libgcc_mutex-0.1-main.conda#b272288d02db5520249ca7870c2287b4
https://repo.anaconda.com/pkgs/main/linux-aarch64/blas-1.0-openblas.conda#9b39fee0a4df4510455d75f56cf59bef
https://repo.anaconda.com/pkgs/main/linux-aarch64/ca-certificates-2025.11.4-hd43f75c_0.conda#e7eb7962b4cdc6a6c67e8ab7e056231e
https://repo.anaconda.com/pkgs/main/noarch/pybind11-abi-4-hd3eb1b0_1.conda#4e440592a9fb70c880b74621aee6c967
https://repo.anaconda.com/pkgs/main/linux-aarch64/python_abi-3.12-1_cp312.conda#d88eb3258fa5df481cfd034be9f43365
https://repo.anaconda.com/pkgs/main/noarch/tzdata-2025b-h04d1e81_0.conda#1d027393db3427ab22a02aa44a56f143
https://repo.anaconda.com/pkgs/main/linux-aarch64/ld_impl_linux-aarch64-2.44-h4e4ac68_2.conda#18328ad18956d228a084180a134ed390
https://repo.anaconda.com/pkgs/main/linux-aarch64/libgomp-15.2.0-hf47c802_7.conda#3403656472f38870e65c29aa6065e00e
https://repo.anaconda.com/pkgs/main/linux-aarch64/_openmp_mutex-5.1-51_gnu.conda#66329dd81c60123e0d7c4c39b7ee7afe
https://repo.anaconda.com/pkgs/main/linux-aarch64/libgcc-15.2.0-hc18542e_7.conda#a31a8c63a5fe7234863f8e9dd2b20901
https://conda.anaconda.org/conda-forge/linux-aarch64/libexpat-2.7.3-hfae3067_0.conda#b414e36fbb7ca122030276c75fa9c34a
https://conda.anaconda.org/conda-forge/linux-aarch64/libffi-3.5.2-hd65408f_0.conda#0c5ad486dcfb188885e3cf8ba209b97b
https://repo.anaconda.com/pkgs/main/linux-aarch64/libgcc-ng-15.2.0-h51576c1_7.conda#e7d01ec71523a231b0d3b83f33a2dd21
https://repo.anaconda.com/pkgs/main/linux-aarch64/libgfortran5-15.2.0-hdc851ad_7.conda#6031a9543eee4faaf1c7aaaba49cdaef
https://conda.anaconda.org/conda-forge/linux-aarch64/liblzma-5.8.1-h86ecc28_2.conda#7d362346a479256857ab338588190da0
https://conda.anaconda.org/conda-forge/linux-aarch64/libnsl-2.0.1-h86ecc28_1.conda#d5d58b2dc3e57073fe22303f5fed4db7
https://repo.anaconda.com/pkgs/main/linux-aarch64/libstdcxx-15.2.0-h9538471_7.conda#90938778a2b6d4ba5c618b6e95b07a4b
https://conda.anaconda.org/conda-forge/linux-aarch64/libuuid-2.41.2-h3e4203c_0.conda#3a68e44fdf2a2811672520fdd62996bd
https://conda.anaconda.org/conda-forge/linux-aarch64/openssl-3.6.0-h8e36d6e_0.conda#7624c6e01aecba942e9115e0f5a2af9d
https://repo.anaconda.com/pkgs/main/linux-aarch64/bzip2-1.0.8-h998d150_6.conda#f580b2013db742598b2d59875bccf774
https://conda.anaconda.org/conda-forge/linux-aarch64/fmt-11.1.4-h97e1849_1.conda#04fb431df94c2572f9e0e369325a7e6e
https://repo.anaconda.com/pkgs/main/linux-aarch64/jansson-2.14-h998d150_1.conda#e0a9db0de5a436a8fa92f72bd09617c9
https://repo.anaconda.com/pkgs/main/linux-aarch64/libev-4.33-hfd63f10_1.conda#230e8093b929e64244f2c7e181705802
https://repo.anaconda.com/pkgs/main/linux-aarch64/libgfortran-15.2.0-h51576c1_7.conda#195ce2b42d50ed25d21cbc22f02242ef
https://repo.anaconda.com/pkgs/main/linux-aarch64/libiconv-1.16-h998d150_3.conda#d8d63eb646b82e19c6a5940d7dcccc62
https://conda.anaconda.org/conda-forge/linux-aarch64/liblzma-devel-5.8.1-h86ecc28_2.conda#236d1ebc954a963b3430ce403fbb0896
https://repo.anaconda.com/pkgs/main/linux-aarch64/libsodium-1.0.20-he1d2cb3_0.conda#9441e489a51ba86213cc3d6bb79aae5c
https://repo.anaconda.com/pkgs/main/linux-aarch64/libstdcxx-ng-15.2.0-h719ae8e_7.conda#34e6c37bb398595bc67ef229f5e60c80
https://repo.anaconda.com/pkgs/main/linux-aarch64/libunistring-1.3-h998d150_0.conda#387f8bafc2d09e493ec7f031aca83871
https://repo.anaconda.com/pkgs/main/linux-aarch64/libuv-1.48.0-h998d150_0.conda#5745f031b5904c4e4ec0171b358c5db5
https://conda.anaconda.org/conda-forge/linux-aarch64/libxcrypt-4.4.36-h31becfc_1.conda#b4df5d7d4b63579d081fd3a4cf99740e
https://repo.anaconda.com/pkgs/main/linux-aarch64/libzlib-1.3.1-h998d150_0.conda#7d92046a5eb7a64af7ffbd0bc5ae7366
https://repo.anaconda.com/pkgs/main/linux-aarch64/ncurses-6.5-h419075a_0.conda#7a1863281d1b73c33d04a3709fda9bda
https://repo.anaconda.com/pkgs/main/linux-aarch64/pthread-stubs-0.3-hfd63f10_1.conda#bd26b7e13996984230e8ec67f3ebd4c7
https://repo.anaconda.com/pkgs/main/linux-aarch64/reproc-14.2.4-h419075a_2.conda#50bf464f48566d71a2778149c54d9fb1
https://conda.anaconda.org/conda-forge/linux-aarch64/simdjson-3.12.3-h17cf362_0.conda#9c37b3e59eff5ea80cf7b1b9948c1c12
https://repo.anaconda.com/pkgs/main/linux-aarch64/xorg-libxau-1.0.12-hf66535e_0.conda#96f0df92ef31ad0aaf27b6b373e4f510
https://repo.anaconda.com/pkgs/main/linux-aarch64/xorg-libxdmcp-1.1.5-hf66535e_0.conda#5bfda69ee113cfc8e38e0214c078ef4e
https://repo.anaconda.com/pkgs/main/linux-aarch64/xorg-xorgproto-2024.1-h998d150_1.conda#46b530510556e0b1830c40b5ac625f0e
https://conda.anaconda.org/conda-forge/linux-aarch64/xz-gpl-tools-5.8.1-h2dbfc1b_2.conda#0d5f95b450e75655b5e76ae626197383
https://conda.anaconda.org/conda-forge/linux-aarch64/xz-tools-5.8.1-h86ecc28_2.conda#04a5f1734c23daf8c7fe59045f755efb
https://repo.anaconda.com/pkgs/main/linux-aarch64/yaml-0.2.5-hfd63f10_0.conda#588d487b103786708d10c1800d048fd4
https://repo.anaconda.com/pkgs/main/linux-aarch64/c-ares-1.34.5-ha6cfe40_0.conda#23813813ac5ef4c25418e6acf9b6f5e9
https://repo.anaconda.com/pkgs/main/linux-aarch64/cpp-expected-1.1.0-hb8fdbf2_0.conda#06c2848c6311674e19391d4b81b3188a
https://repo.anaconda.com/pkgs/main/linux-aarch64/expat-2.7.3-hc366171_0.conda#a6a694a8b2fcfb74b6aefa78c1918fef
https://repo.anaconda.com/pkgs/main/linux-aarch64/icu-73.1-h419075a_0.conda#cb0845107bfb0b019a07516080fd9431
https://repo.anaconda.com/pkgs/main/linux-aarch64/libgfortran-ng-15.2.0-h51576c1_7.conda#81d7a753741ef2c031f425e15ebfe5f5
https://conda.anaconda.org/conda-forge/linux-aarch64/libsolv-0.7.35-hdda61c4_0.conda#3e817cbcc10f018c547a1b4885094b15
https://conda.anaconda.org/conda-forge/linux-aarch64/libsqlite-3.51.0-h022381a_0.conda#8920ce2226463a3815e2183c8b5008b8
https://repo.anaconda.com/pkgs/main/linux-aarch64/libxcb-1.17.0-hf66535e_0.conda#28e00a696fd74b7550b7d1b8698e10af
https://repo.anaconda.com/pkgs/main/linux-aarch64/lz4-c-1.9.4-h419075a_1.conda#70c4ab9462183ac4af60852d2a79fbf6
https://conda.anaconda.org/conda-forge/linux-aarch64/nlohmann_json-3.11.3-h0a1ffab_1.conda#f2bd10ff23ab5c87327439c4499b3f3e
https://repo.anaconda.com/pkgs/main/linux-aarch64/readline-8.3-h886d1d0_0.conda#f04b3cb7ab28e886ceb012e4e9626e82
https://repo.anaconda.com/pkgs/main/linux-aarch64/reproc-cpp-14.2.4-h419075a_2.conda#d4a07ee63f2fded787246f3eb2d2157c
https://conda.anaconda.org/conda-forge/linux-aarch64/xz-5.8.1-h2dbfc1b_2.conda#176b552740e8836d92c4935244d6756b
https://repo.anaconda.com/pkgs/main/linux-aarch64/yaml-cpp-0.8.0-h419075a_1.conda#51a2369fb0d068241603303f704835db
https://repo.anaconda.com/pkgs/main/linux-aarch64/zeromq-4.3.5-hb793f1b_1.conda#f07902ae4c960934bb9c389b51b63a0d
https://repo.anaconda.com/pkgs/main/linux-aarch64/zlib-1.3.1-h998d150_0.conda#58ccfae41b6e3ad4fd6961071d450f6a
https://repo.anaconda.com/pkgs/main/linux-aarch64/libopenblas-0.3.30-h90745d9_2.conda#07ed1171ca8325bb43e329389888ce5f
https://repo.anaconda.com/pkgs/main/linux-aarch64/libssh2-1.11.1-hfa2bbb0_0.conda#a88e620d4eafd7f199a0502433e5e0c0
https://repo.anaconda.com/pkgs/main/linux-aarch64/libxml2-2.13.9-h729a2f8_0.conda#ad018fbdca2c6fd5edb874ea572bb089
https://repo.anaconda.com/pkgs/main/linux-aarch64/xorg-libx11-1.8.12-hf66535e_1.conda#e87565f2b050d575ee056f472d062383
https://repo.anaconda.com/pkgs/main/linux-aarch64/zstd-1.5.7-hc8aa508_0.conda#abc05ce4daceeb1fa321b365cb847975
https://repo.anaconda.com/pkgs/main/linux-aarch64/dbus-1.16.2-h6a16351_0.conda#6a7d865ed36eeecaaaf64a27519a3c7d
https://repo.anaconda.com/pkgs/main/linux-aarch64/gettext-0.21.0-h8e49294_2.conda#ee3c1f62f511bd5edd7b062a622cc492
https://repo.anaconda.com/pkgs/main/linux-aarch64/libarchive-3.7.7-h4086d46_0.conda#239dce9242b18e26c7617ed46095095b
https://repo.anaconda.com/pkgs/main/linux-aarch64/libnghttp2-1.67.1-h9561ae0_0.conda#0a0b516b0f968b856717d559944efbac
https://repo.anaconda.com/pkgs/main/linux-aarch64/tk-8.6.15-h987d8db_0.conda#6a7f42565108e00d27f68f4ae5751c53
https://repo.anaconda.com/pkgs/main/linux-aarch64/libidn2-2.3.8-hdd5c969_0.conda#5bd529c1efa0251f0cebe7f84a504f69
https://conda.anaconda.org/conda-forge/linux-aarch64/python-3.12.12-h91f4b29_1_cpython.conda#823e8543dd3abc98b2982fea10f3daea
https://repo.anaconda.com/pkgs/main/linux-aarch64/aiohappyeyeballs-2.6.1-py312hd43f75c_0.conda#d0508ac7d97a5affa5f2bfbe21b722af
https://repo.anaconda.com/pkgs/main/linux-aarch64/alabaster-0.7.16-py312hd43f75c_0.conda#6fe9078eb3a632751db4d0c7a6f032f2
https://repo.anaconda.com/pkgs/main/linux-aarch64/annotated-types-0.6.0-py312hd43f75c_1.conda#6ceed57536594d1e3c15359f4e5d5067
https://repo.anaconda.com/pkgs/main/noarch/appdirs-1.4.4-pyhd3eb1b0_0.conda#5673d98d06171cb6eed03a6736845c4d
https://repo.anaconda.com/pkgs/main/noarch/archspec-0.2.5-pyhd3eb1b0_0.conda#c0ad195970a65c174b997011ac13f2f8
https://repo.anaconda.com/pkgs/main/linux-aarch64/asttokens-3.0.0-py312hd43f75c_0.conda#9076c375ceeceae062cfa5f4fa6a76cc
https://repo.anaconda.com/pkgs/main/linux-aarch64/async-lru-2.0.5-py312hd43f75c_0.conda#14451be15fc7b4b716889c23ba10f94e
https://repo.anaconda.com/pkgs/main/linux-aarch64/attrs-25.4.0-py312hd43f75c_2.conda#495030cf1cad7d9493ac5d99817cf38d
https://repo.anaconda.com/pkgs/main/linux-aarch64/babel-2.16.0-py312hd43f75c_0.conda#588009040d9667d681373e1838d596dd
https://repo.anaconda.com/pkgs/main/linux-aarch64/boltons-25.0.0-py312hd43f75c_0.conda#19a7fa836611b9e448d373dca38081b5
https://repo.anaconda.com/pkgs/main/linux-aarch64/cachetools-5.5.1-py312hd43f75c_0.conda#bc0f2c27571df8dc8a48ba4b46f2c4aa
https://repo.anaconda.com/pkgs/main/linux-aarch64/certifi-2025.11.12-py312hd43f75c_0.conda#a42cfd6515c5afd4250caece5166bf1d
https://repo.anaconda.com/pkgs/main/linux-aarch64/charset-normalizer-3.4.4-py312hd43f75c_0.conda#1630f01adc6d3bda5c2c34e55bd5ed1a
https://repo.anaconda.com/pkgs/main/linux-aarch64/click-8.2.1-py312hd43f75c_0.conda#13450b02f092518f2ef6d43d266466b3
https://repo.anaconda.com/pkgs/main/linux-aarch64/colorama-0.4.6-py312hd43f75c_0.conda#76a1ec1d93cb2e8260d8d799f0f5e27a
https://repo.anaconda.com/pkgs/main/linux-aarch64/comm-0.2.3-py312hd43f75c_0.conda#b488ef81e7487178098d89ac4d9c31b1
https://repo.anaconda.com/pkgs/main/linux-aarch64/crashtest-0.4.1-py312hd43f75c_1.conda#6a77eb88b53d978cf92535a49ded91c4
https://repo.anaconda.com/pkgs/main/linux-aarch64/debugpy-1.8.16-py312hd80b68a_1.conda#f486dd73a001231423f3940bd6053dbb
https://repo.anaconda.com/pkgs/main/linux-aarch64/decorator-5.2.1-py312hd43f75c_0.conda#d5cd7f158ee657d7265f637b4faba2ea
https://repo.anaconda.com/pkgs/main/noarch/defusedxml-0.7.1-pyhd3eb1b0_0.conda#d912068b0729930972adcaac338882c0
https://repo.anaconda.com/pkgs/main/linux-aarch64/dill-0.4.0-py312hd43f75c_0.conda#7a96d1bea971e99ee05c4de8572572fd
https://repo.anaconda.com/pkgs/main/linux-aarch64/distlib-0.4.0-py312ha28494d_0.conda#f5be638c58d205ec526b35e24a4c65df
https://repo.anaconda.com/pkgs/main/linux-aarch64/distro-1.9.0-py312hd43f75c_0.conda#3be7bf07018c994ede844449b838ffd5
https://repo.anaconda.com/pkgs/main/linux-aarch64/docutils-0.21.2-py312hd43f75c_1.conda#8289db485494f2ef7770ccfd974efe63
https://repo.anaconda.com/pkgs/main/linux-aarch64/executing-2.2.1-py312hd43f75c_0.conda#cb24355d4995f1d1bba59b63e3805fc3
https://repo.anaconda.com/pkgs/main/linux-aarch64/filelock-3.20.0-py312hd43f75c_0.conda#bde5b6a2b2044668842ebc8e441a6846
https://repo.anaconda.com/pkgs/main/linux-aarch64/frozendict-2.4.6-py312ha28494d_0.conda#d56f5eef2001668128d073e4e22c7545
https://repo.anaconda.com/pkgs/main/linux-aarch64/frozenlist-1.8.0-py312hd80b68a_0.conda#012577c12e12005b9da48a6998a54bb5
https://repo.anaconda.com/pkgs/main/linux-aarch64/h11-0.16.0-py312hd43f75c_1.conda#258f7e3cf4c3bc42f22903770984c97e
https://repo.anaconda.com/pkgs/main/linux-aarch64/idna-3.11-py312hd43f75c_0.conda#811ee5e41b064f297e95278f352b04eb
https://repo.anaconda.com/pkgs/main/linux-aarch64/imagesize-1.4.1-py312hd43f75c_0.conda#fd8fea04330f4dff7053b847f83de3fa
https://repo.anaconda.com/pkgs/main/linux-aarch64/jaraco.context-6.0.0-py312hd43f75c_0.conda#c7ee6ce0d50922e4044cd219b2189823
https://repo.anaconda.com/pkgs/main/noarch/jeepney-0.7.1-pyhd3eb1b0_0.conda#f115ef0af90b59f35ef56743955979a4
https://repo.anaconda.com/pkgs/main/linux-aarch64/json5-0.12.1-py312hd43f75c_0.conda#59953f9ee8f294d19d35567617617a61
https://repo.anaconda.com/pkgs/main/linux-aarch64/jsonpointer-3.0.0-py312hd43f75c_0.conda#873ea8a18aea13644225d97d693b4147
https://repo.anaconda.com/pkgs/main/linux-aarch64/jupyterlab_widgets-3.0.15-py312hd43f75c_0.conda#cc802f243313d4053647c6e3c9a6af78
https://repo.anaconda.com/pkgs/main/linux-aarch64/libcurl-8.16.0-h3ab0f7b_0.conda#c2c4a0af0a4400ec1fb6ac3bd3f496b3
https://repo.anaconda.com/pkgs/main/linux-aarch64/markupsafe-3.0.2-py312h998d150_0.conda#3ca5ed2cf9b17ef6ef02755cb777f626
https://repo.anaconda.com/pkgs/main/linux-aarch64/mdurl-0.1.2-py312hd43f75c_0.conda#eb553d16dee7626f0a3b79978d92884a
https://repo.anaconda.com/pkgs/main/linux-aarch64/menuinst-2.4.1-py312hd43f75c_1.conda#7b7e63f47b0c524ef3ab5884d02d53f4
https://repo.anaconda.com/pkgs/main/linux-aarch64/mistune-3.1.2-py312hd43f75c_0.conda#714c6987a82503cdfb42390c4392ecc4
https://repo.anaconda.com/pkgs/main/linux-aarch64/more-itertools-10.8.0-py312hd43f75c_0.conda#7f07835183c7c82b9e48dd3a8525778a
https://repo.anaconda.com/pkgs/main/linux-aarch64/msgpack-python-1.1.1-py312h419075a_0.conda#e8982448f7b2cbfca7d7c0a06ce4875f
https://repo.anaconda.com/pkgs/main/linux-aarch64/multidict-6.7.0-py312ha28494d_0.conda#cbf3a4b216c9ec347dc2458b4e98ece3
https://repo.anaconda.com/pkgs/main/linux-aarch64/nest-asyncio-1.6.0-py312hd43f75c_0.conda#f70ba202f7b93dfb35f7314e3895f69d
https://repo.anaconda.com/pkgs/main/linux-aarch64/numpy-base-2.3.5-py312h9f084ca_0.conda#fbac9cbbeb92298efab179015cf943b2
https://repo.anaconda.com/pkgs/main/linux-aarch64/oauthlib-3.3.1-py312hd43f75c_0.conda#156c4e9870093508f2cd64a826d79204
https://repo.anaconda.com/pkgs/main/linux-aarch64/overrides-7.7.0-py312hd43f75c_0.conda#c739b52879fe5341a593771625926ff8
https://repo.anaconda.com/pkgs/main/linux-aarch64/packaging-25.0-py312hd43f75c_1.conda#d6f8e3cec4f886a760a049ed5f769639
https://repo.anaconda.com/pkgs/main/linux-aarch64/pandocfilters-1.5.1-py312hd43f75c_0.conda#cbc954a170c015dd698f91b4d1a3c8d1
https://repo.anaconda.com/pkgs/main/linux-aarch64/parso-0.8.5-py312hd43f75c_0.conda#c7afe72021b932e80207664148e88bfb
https://repo.anaconda.com/pkgs/main/linux-aarch64/pkginfo-1.12.0-py312hd43f75c_0.conda#d3c30bab48fae1cf5acb44435708acac
https://repo.anaconda.com/pkgs/main/linux-aarch64/platformdirs-4.5.0-py312hd43f75c_0.conda#ecab4a519ffc2acb2ba8f65d10924fad
https://repo.anaconda.com/pkgs/main/linux-aarch64/pluggy-1.5.0-py312hd43f75c_0.conda#d76c22fbd00e99c4d43391f25b0bc069
https://repo.anaconda.com/pkgs/main/linux-aarch64/prometheus_client-0.21.1-py312hd43f75c_0.conda#9852603ca1ec128599121e7ae82a571d
https://repo.anaconda.com/pkgs/main/linux-aarch64/propcache-0.3.1-py312h998d150_0.conda#78bb59ce257bbd0b3ef23622d6f17582
https://repo.anaconda.com/pkgs/main/linux-aarch64/protobuf-6.33.0-py312hd80b68a_0.conda#870a6131686fa7c0d612daf1a52101da
https://repo.anaconda.com/pkgs/main/linux-aarch64/psutil-7.0.0-py312ha28494d_1.conda#fd5cfa8933191b53fb942fbb412a77cc
https://repo.anaconda.com/pkgs/main/noarch/ptyprocess-0.7.0-pyhd3eb1b0_3.conda#f50f8c0bccb614213191c4aaa854e76f
https://repo.anaconda.com/pkgs/main/linux-aarch64/pure_eval-0.2.3-py312hd43f75c_0.conda#cfb1f44f5b871defb8d1ac79e1eaf6b5
https://repo.anaconda.com/pkgs/main/linux-aarch64/pyasn1-0.6.1-py312hd43f75c_0.conda#d7a238a7129ec1de66769453f1009545
https://repo.anaconda.com/pkgs/main/linux-aarch64/pycosat-0.6.6-py312h998d150_2.conda#f4b78c27476c1dc3cd8b6a748ba5963d
https://repo.anaconda.com/pkgs/main/linux-aarch64/pycparser-2.23-py312hd43f75c_0.conda#7162740c6556f5dcdaf10fada84918e1
https://repo.anaconda.com/pkgs/main/linux-aarch64/pygments-2.19.2-py312hd43f75c_0.conda#ae551d99ebf33b877a307b76e732fa5a
https://repo.anaconda.com/pkgs/main/linux-aarch64/pyparsing-3.2.5-py312hd43f75c_0.conda#d2608fbcc49c238d92ac239dc272081d
https://repo.anaconda.com/pkgs/main/linux-aarch64/pyproject_hooks-1.2.0-py312hd43f75c_1.conda#63ff56c1b9c0bfe53a90275a5e2d5acd
https://repo.anaconda.com/pkgs/main/linux-aarch64/pysocks-1.7.1-py312hd43f75c_1.conda#44e29c6a83bd63504b162e7018891c07
https://repo.anaconda.com/pkgs/main/linux-aarch64/python-fastjsonschema-2.21.2-py312hd43f75c_0.conda#9757a7b696344c010407e022eda1a652
https://repo.anaconda.com/pkgs/main/noarch/python-installer-0.7.0-pyhd3eb1b0_1.conda#e6e9eebc3f5a566edd993f3de7f21e01
https://repo.anaconda.com/pkgs/main/linux-aarch64/python-json-logger-3.2.1-py312hd43f75c_0.conda#34162477a2f9ea01fbd28698fe274dba
https://repo.anaconda.com/pkgs/main/noarch/python-tzdata-2025.2-pyhd3eb1b0_0.conda#5ac858f05dbf9d3cdb04d53516901247
https://repo.anaconda.com/pkgs/main/linux-aarch64/pytz-2025.2-py312hd43f75c_0.conda#12cfada23c2bf643115cad30091e0c2f
https://repo.anaconda.com/pkgs/main/linux-aarch64/pyyaml-6.0.3-py312hbd8301c_0.conda#5cee2a7a55180083c678e35005c8fd6b
https://repo.anaconda.com/pkgs/main/linux-aarch64/pyzmq-27.1.0-py312h2252cf7_1.conda#6b4357a4df8429e5562de4ffb8c98495
https://repo.anaconda.com/pkgs/main/linux-aarch64/rfc3986-validator-0.1.1-py312hd43f75c_0.conda#54ef7ae0a63c414dbe147b2b58b21979
https://repo.anaconda.com/pkgs/main/linux-aarch64/roman-numerals-py-3.1.0-py312hd43f75c_0.conda#ed37a7630049f538afd7ff4ebdfaa3b9
https://repo.anaconda.com/pkgs/main/linux-aarch64/rpds-py-0.28.0-py312hff451be_0.conda#dc7077875e2970884666bd3c23aefb80
https://repo.anaconda.com/pkgs/main/linux-aarch64/ruamel.yaml.clib-0.2.14-py312hd7af942_0.conda#15d125ba34f9ab3857807a7509690abe
https://repo.anaconda.com/pkgs/main/linux-aarch64/semver-3.0.4-py312hd43f75c_0.conda#a52178109c135e4e701fdddb80cb658a
https://repo.anaconda.com/pkgs/main/linux-aarch64/send2trash-1.8.2-py312hd43f75c_1.conda#e4a213fe3d0d25c2349f1c2391c20f17
https://repo.anaconda.com/pkgs/main/linux-aarch64/setuptools-80.9.0-py312hd43f75c_0.conda#a00d3c315fb8a7f32f9a4849525adce1
https://repo.anaconda.com/pkgs/main/linux-aarch64/shellingham-1.5.4-py312hd43f75c_0.conda#6cb53f894c910fa071b6c5c269f68701
https://repo.anaconda.com/pkgs/main/linux-aarch64/six-1.17.0-py312hd43f75c_0.conda#32de32c98143fe4a449812015e553fc3
https://repo.anaconda.com/pkgs/main/linux-aarch64/smmap-5.0.2-py312hd43f75c_0.conda#69b0aae8f081e24cec3374e30565eef2
https://repo.anaconda.com/pkgs/main/linux-aarch64/sniffio-1.3.0-py312hd43f75c_0.conda#d67d7ed56afc1b31698cd38468cec2e8
https://repo.anaconda.com/pkgs/main/linux-aarch64/snowballstemmer-3.0.1-py312hd43f75c_0.conda#d66c55806a66e2cd2cd9fa078be18c59
https://repo.anaconda.com/pkgs/main/linux-aarch64/soupsieve-2.5-py312hd43f75c_0.conda#487f1d0e9897e8de18400296c4bdff56
https://repo.anaconda.com/pkgs/main/noarch/sphinxcontrib-applehelp-2.0.0-pyhd3eb1b0_1.conda#dc1e9e85935977c16b57ae458f66c35f
https://repo.anaconda.com/pkgs/main/noarch/sphinxcontrib-devhelp-2.0.0-pyhd3eb1b0_0.conda#2ac17fc8c58df543e58ba60e5ec84836
https://repo.anaconda.com/pkgs/main/noarch/sphinxcontrib-htmlhelp-2.1.0-pyhd3eb1b0_0.conda#2b0ff9b31519311c3efb0418ffe90f53
https://repo.anaconda.com/pkgs/main/noarch/sphinxcontrib-jsmath-1.0.1-pyhd3eb1b0_0.tar.bz2#e43f8de7d6a717935ab220a0c957771d
https://repo.anaconda.com/pkgs/main/noarch/sphinxcontrib-qthelp-2.0.0-pyhd3eb1b0_1.conda#719c3fac1931de3f9fcfeeb36df461bf
https://repo.anaconda.com/pkgs/main/noarch/sphinxcontrib-serializinghtml-2.0.0-pyhd3eb1b0_0.conda#e5856b5b3e38cb97734ebd28fc06525d
https://repo.anaconda.com/pkgs/main/linux-aarch64/tomlkit-0.13.3-py312hd43f75c_0.conda#ce147dd40849e1cb5186f44ad712807f
https://repo.anaconda.com/pkgs/main/linux-aarch64/tornado-6.5.1-py312h998d150_0.conda#a7d7272378736e05ffeaa3b42d82eded
https://repo.anaconda.com/pkgs/main/linux-aarch64/tqdm-4.67.1-py312had16b7f_1.conda#458b2548e4d83bfe5bceca87bc6ce9a5
https://repo.anaconda.com/pkgs/main/linux-aarch64/traitlets-5.14.3-py312hd43f75c_0.conda#a187c50491ecec8c87128ce5f00527f1
https://repo.anaconda.com/pkgs/main/linux-aarch64/trove-classifiers-2025.5.9.12-py312hd43f75c_0.conda#15670eb4db8797ca8ecece4c4f0b627c
https://repo.anaconda.com/pkgs/main/linux-aarch64/truststore-0.10.1-py312hd43f75c_1.conda#f9217685d68b5d3f5f725094feaa9d8b
https://repo.anaconda.com/pkgs/main/linux-aarch64/typing_extensions-4.15.0-py312hd43f75c_0.conda#d442f70a884aed4d749676da4bd3c626
https://conda.anaconda.org/conda-forge/noarch/uritemplate-4.2.0-pyhd8ed1ab_0.conda#39224004f2b57cf7a7fb3d83610ab633
https://repo.anaconda.com/pkgs/main/linux-aarch64/uvloop-0.22.1-py312hc610eb1_1.conda#f9e585fcd592bb66a4a464cc244985e5
https://conda.anaconda.org/conda-forge/linux-aarch64/vl-convert-python-1.8.0-py312hcd1a082_1.conda#2d6d6fce3df61c62bcf8678d0c762c55
https://repo.anaconda.com/pkgs/main/linux-aarch64/wcwidth-0.2.13-py312hd43f75c_0.conda#3314bf808b2e07f1ed06a29d5b73a244
https://repo.anaconda.com/pkgs/main/linux-aarch64/webencodings-0.5.1-py312hd43f75c_2.conda#b5e0f7e9cdb6f27574641abf1f8bea96
https://repo.anaconda.com/pkgs/main/linux-aarch64/websocket-client-1.8.0-py312hd43f75c_0.conda#1a40137e05fd0fcea3b42816e61e3789
https://repo.anaconda.com/pkgs/main/linux-aarch64/wheel-0.45.1-py312hd43f75c_0.conda#f589b5698f49b471b20f3ca42aabe3ad
https://repo.anaconda.com/pkgs/main/linux-aarch64/widgetsnbextension-4.0.14-py312hd43f75c_0.conda#55dc1294ecf0b598d3f5fbcea44b0436
https://repo.anaconda.com/pkgs/main/linux-aarch64/wrapt-1.17.0-py312h998d150_0.conda#4854313dbedda7871f4d70cea64152eb
https://repo.anaconda.com/pkgs/main/linux-aarch64/anyio-4.10.0-py312hd43f75c_0.conda#d09bbd6d857cb719012b53de6fe5cb4f
https://repo.anaconda.com/pkgs/main/noarch/astunparse-1.6.3-py_0.conda#250bc9eafb39eff7fff001dae10e2d3c
https://repo.anaconda.com/pkgs/main/linux-aarch64/bleach-6.2.0-py312hd43f75c_0.conda#c12c22ccc57991a2635f8a2e59a92069
https://repo.anaconda.com/pkgs/main/linux-aarch64/cffi-2.0.0-py312h2d8c4a8_1.conda#44ef69cfd4403327a0faf69333871c1e
https://repo.anaconda.com/pkgs/main/linux-aarch64/click-default-group-1.2.2-py312hd43f75c_0.conda#7fafc768a2c4b9b679b1207e3bfa8297
https://repo.anaconda.com/pkgs/main/linux-aarch64/gitdb-4.0.12-py312hd43f75c_0.conda#e2c64b010735a22944fca3ae72e856d1
https://repo.anaconda.com/pkgs/main/linux-aarch64/googleapis-common-protos-1.69.2-py312hd43f75c_0.conda#7756766acc43071e11c9f9480fc861e8
https://repo.anaconda.com/pkgs/main/linux-aarch64/httpcore-1.0.9-py312hd43f75c_0.conda#151cb1f53c4e2f85a0b0e2396376b5f1
https://conda.anaconda.org/conda-forge/noarch/httplib2-0.31.0-pyhd8ed1ab_0.conda#33ee2e1652fdddcce06312eb0ab6c2d5
https://repo.anaconda.com/pkgs/main/linux-aarch64/ipython_pygments_lexers-1.1.1-py312hd43f75c_0.conda#76328c9670bf730fa2f7e3a15e75b198
https://repo.anaconda.com/pkgs/main/linux-aarch64/jaraco.classes-3.4.0-py312hd43f75c_0.conda#de15da4694e9d3000012028ada64dce9
https://repo.anaconda.com/pkgs/main/linux-aarch64/jaraco.functools-4.1.0-py312hd43f75c_0.conda#debc346acbc28e6778a733e9e6e047b9
https://repo.anaconda.com/pkgs/main/linux-aarch64/jedi-0.19.2-py312hd43f75c_0.conda#455ecb3a87b5a8559437d3035c3910a3
https://repo.anaconda.com/pkgs/main/linux-aarch64/jinja2-3.1.6-py312hd43f75c_0.conda#e9c4c55ab35486de60f5e295fe387e4f
https://repo.anaconda.com/pkgs/main/linux-aarch64/jsonpatch-1.33-py312hd43f75c_1.conda#b7c77478c7d5dde8dd184ccb0bccc719
https://repo.anaconda.com/pkgs/main/linux-aarch64/jupyter_core-5.8.1-py312hd43f75c_0.conda#fda2d67771ed4d4cb6f1508fbe8f91c7
https://repo.anaconda.com/pkgs/main/linux-aarch64/jupyterlab_pygments-0.3.0-py312hd43f75c_0.conda#425cb65e292cd83d44475eea5e9d2cb6
https://conda.anaconda.org/conda-forge/linux-aarch64/libmamba-2.1.1-hbe5a9cd_0.conda#9bef71674355b308ecd056db9e7cecf5
https://repo.anaconda.com/pkgs/main/linux-aarch64/markdown-it-py-4.0.0-py312hd43f75c_0.conda#a00a268f6b4d7ec58798c4a9ee5475de
https://repo.anaconda.com/pkgs/main/linux-aarch64/matplotlib-inline-0.2.1-py312hd43f75c_0.conda#f5426bf947942b7fbd2bacade6d31a62
https://repo.anaconda.com/pkgs/main/linux-aarch64/numpy-2.3.5-py312hd965a70_0.conda#457b0cce6c31b553be84abf27313badf
https://repo.anaconda.com/pkgs/main/linux-aarch64/pexpect-4.9.0-py312hd43f75c_1.conda#db930b860cd400a4d11700a20385ea30
https://repo.anaconda.com/pkgs/main/noarch/pip-25.3-pyhc872135_0.conda#f713912a259ec613b3832c3bc842e9d4
https://repo.anaconda.com/pkgs/main/linux-aarch64/prompt-toolkit-3.0.52-py312hd43f75c_1.conda#919c0285aa9c16334343bce5e6a07132
https://repo.anaconda.com/pkgs/main/linux-aarch64/proto-plus-1.26.1-py312hd43f75c_0.conda#a3c98c527dc8fe9ff55d4ab02e4ee7b5
https://repo.anaconda.com/pkgs/main/linux-aarch64/pyasn1-modules-0.4.2-py312hd43f75c_0.conda#3d3188123e79454c4e68642e7a586c39
https://repo.anaconda.com/pkgs/main/linux-aarch64/python-build-1.3.0-py312hd43f75c_1.conda#50b55a4e7335d179269f362dcf672f37
https://repo.anaconda.com/pkgs/main/linux-aarch64/python-dateutil-2.9.0post0-py312hd43f75c_2.conda#26432c59f7b4f25981ad627587b5fb74
https://repo.anaconda.com/pkgs/main/linux-aarch64/referencing-0.37.0-py312hd43f75c_0.conda#c39c3fbb41d43f092cae63d1d70e953e
https://repo.anaconda.com/pkgs/main/linux-aarch64/rfc3339-validator-0.1.4-py312hd43f75c_0.conda#02554d8f2efce32324fc85461bcb31bf
https://repo.anaconda.com/pkgs/main/noarch/rsa-4.7.2-pyhd3eb1b0_1.conda#4a7551a8d3da2725b6994751bad902f2
https://repo.anaconda.com/pkgs/main/linux-aarch64/ruamel.yaml-0.18.16-py312hd7af942_0.conda#9518acc3db89724756c7ac8ab76c3e6a
https://repo.anaconda.com/pkgs/main/linux-aarch64/stack_data-0.6.3-py312hd43f75c_0.conda#dfd68b3fd0e3b2ad12b512d28957b242
https://repo.anaconda.com/pkgs/main/linux-aarch64/terminado-0.18.1-py312hd43f75c_0.conda#c783df21a4eb08dd35473897aa0f79fb
https://repo.anaconda.com/pkgs/main/linux-aarch64/tinycss2-1.4.0-py312hd43f75c_0.conda#c1b529bebd278be3d9df8ec92f39779e
https://repo.anaconda.com/pkgs/main/linux-aarch64/typing-extensions-4.15.0-py312hd43f75c_0.conda#6109d1987e540e32d022c0805072a243
https://repo.anaconda.com/pkgs/main/linux-aarch64/typing-inspection-0.4.2-py312hd43f75c_0.conda#ecdc93e55a0db68a952c61768276d31e
https://repo.anaconda.com/pkgs/main/linux-aarch64/virtualenv-20.28.0-py312hd43f75c_0.conda#a5a53adca13525501b4db996d2f4d7a9
https://repo.anaconda.com/pkgs/main/linux-aarch64/yarl-1.22.0-py312ha28494d_0.conda#466aff8faf3b408ef5f09c8175d168d7
https://repo.anaconda.com/pkgs/main/linux-aarch64/aiosignal-1.4.0-py312hd43f75c_0.conda#9b46483e0df02c4d5d599ef9e8a4f5c4
https://repo.anaconda.com/pkgs/main/linux-aarch64/argon2-cffi-bindings-25.1.0-py312ha28494d_0.conda#190e26e972947b7861f7877557e0b93a
https://repo.anaconda.com/pkgs/main/linux-aarch64/beautifulsoup4-4.13.5-py312hd43f75c_0.conda#e5d1757f0fd02b74041e5d8a76ae9fee
https://repo.anaconda.com/pkgs/main/linux-aarch64/bottleneck-1.4.2-py312h3a5b157_1.conda#d594cc59006d934d709695df82a71681
https://repo.anaconda.com/pkgs/main/linux-aarch64/brotlicffi-1.1.0.0-py312hd80b68a_0.conda#ed5cec3fbd88f1eec05c8b1a34352943
https://repo.anaconda.com/pkgs/main/linux-aarch64/cryptography-46.0.3-py312h80a530f_0.conda#4fa37fc8c04a769ff857e42137bf2507
https://repo.anaconda.com/pkgs/main/linux-aarch64/gitpython-3.1.45-py312hd43f75c_0.conda#62667aa869cee8f8804b7e4552036da2
https://repo.anaconda.com/pkgs/main/linux-aarch64/httpx-0.28.1-py312hd43f75c_1.conda#02d17f943ba013a0cc68c65247ff5ea9
https://repo.anaconda.com/pkgs/main/linux-aarch64/jsonschema-specifications-2025.9.1-py312hd43f75c_0.conda#22d0ac7980ac7560be1aaa6c22c92763
https://repo.anaconda.com/pkgs/main/linux-aarch64/jupyter_client-8.6.3-py312hd43f75c_1.conda#7432c3c6b0c2beebcf38188299180af9
https://repo.anaconda.com/pkgs/main/linux-aarch64/jupyter_server_terminals-0.5.3-py312hd43f75c_0.conda#8d7c26feaccce6e28b64f6bc4bb45114
https://conda.anaconda.org/conda-forge/linux-aarch64/libmambapy-2.1.1-py312h033ebb1_0.conda#98ea7039da9d4ec2a5eae0a752c7811a
https://conda.anaconda.org/conda-forge/linux-aarch64/mamba-2.1.1-hf3e92e0_0.conda#69a4a9e9c2295427cd6c1fd6839e20d3
https://repo.anaconda.com/pkgs/main/linux-aarch64/mdit-py-plugins-0.5.0-py312hd43f75c_0.conda#f4b0e30a284a6e1fd5fa05c045d9aa59
https://repo.anaconda.com/pkgs/main/linux-aarch64/numexpr-2.14.1-py312h3869fce_0.conda#593ec53cba225f902d929d080ec1532b
https://repo.anaconda.com/pkgs/main/noarch/prompt_toolkit-3.0.52-hd3eb1b0_1.conda#446203e5c534c79b7f50c217c76dd460
https://repo.anaconda.com/pkgs/main/linux-aarch64/pycares-4.10.0-py312hd5102c1_0.conda#4ab574c03bf18f0a7606ad394f5c2117
https://repo.anaconda.com/pkgs/main/linux-aarch64/pydantic-core-2.41.4-py312hff451be_0.conda#cb0229fa3e35f736eba235cffae471ac
https://repo.anaconda.com/pkgs/main/linux-aarch64/rich-14.2.0-py312hd43f75c_0.conda#e33939090b983885b411757bea146f40
https://repo.anaconda.com/pkgs/main/linux-aarch64/zstandard-0.24.0-py312ha8a8473_0.conda#5c91bc6c557cb37e8ef89df74a4f387f
https://repo.anaconda.com/pkgs/main/linux-aarch64/aiodns-3.5.0-py312hd43f75c_1.conda#b3653b752124e0377f9f3948575d1582
https://repo.anaconda.com/pkgs/main/noarch/argon2-cffi-21.3.0-pyhd3eb1b0_0.conda#f00b851bc61b4c313903d31c7daecb09
https://repo.anaconda.com/pkgs/main/linux-aarch64/ipython-9.7.0-py312hd43f75c_0.conda#9cbc3212a18ecc2dc38995d2ade65599
https://repo.anaconda.com/pkgs/main/linux-aarch64/jsonschema-4.25.0-py312hd43f75c_1.conda#0a0273fc2cabb2b5b37fd3dede4d8868
https://repo.anaconda.com/pkgs/main/linux-aarch64/pandas-2.3.3-py312he07b0ad_1.conda#5cac0204499d913a40221be27d6a4bcb
https://repo.anaconda.com/pkgs/main/linux-aarch64/pydantic-2.12.3-py312hd43f75c_1.conda#e4b1532166be70bababdc401b01245ba
https://repo.anaconda.com/pkgs/main/linux-aarch64/pyopenssl-25.3.0-py312hfda5648_0.conda#768fecfcdd4df481c54448826052e1fa
https://repo.anaconda.com/pkgs/main/linux-aarch64/secretstorage-3.4.0-py312hafdef7f_0.conda#50040642b644addacd9a168d8114bbb6
https://repo.anaconda.com/pkgs/main/linux-aarch64/typer-0.17.4-py312hd43f75c_0.conda#989b63e413ebf5b6d020d7f2a49ee518
https://repo.anaconda.com/pkgs/main/linux-aarch64/urllib3-2.5.0-py312hd43f75c_0.conda#3e34b1e3d7c4df51dcd63ed25da3bd22
https://repo.anaconda.com/pkgs/main/linux-aarch64/aiohttp-3.13.2-py312ha28494d_0.conda#548906dbab394151d5212630c7acce10
https://repo.anaconda.com/pkgs/main/linux-aarch64/dulwich-0.22.7-py312h657ad5b_0.conda#4e8f227951f7b3f3c65953ab9a52493c
https://repo.anaconda.com/pkgs/main/linux-aarch64/ipykernel-6.31.0-py312had16b7f_0.conda#cd03db41cbfe051d28745ad6f423653f
https://repo.anaconda.com/pkgs/main/linux-aarch64/ipywidgets-8.1.7-py312hd43f75c_0.conda#a3ea559ec2b6af1f19936c6340a341ff
https://repo.anaconda.com/pkgs/main/linux-aarch64/jupyter_events-0.12.0-py312hd43f75c_0.conda#c7b51ec4538e144813f15ae43e153d45
https://repo.anaconda.com/pkgs/main/linux-aarch64/keyring-25.7.0-py312hd43f75c_0.conda#98a82fd07e78bf541bee771b22465a2a
https://repo.anaconda.com/pkgs/main/linux-aarch64/nbformat-5.10.4-py312hd43f75c_0.conda#171de6b305a2717b58de6cfbc86eb2a3
https://repo.anaconda.com/pkgs/main/linux-aarch64/requests-2.32.5-py312hd43f75c_1.conda#6be46a17d02ab4b057fee68d01a9a192
https://repo.anaconda.com/pkgs/main/linux-aarch64/cachecontrol-0.14.3-py312hd43f75c_0.conda#9a6413cf0b9e6c58df56e84ab28965c6
https://repo.anaconda.com/pkgs/main/linux-aarch64/conda-package-streaming-0.12.0-py312hd43f75c_1.conda#fd663d662ea1b8ce3654c21f1302eb20
https://repo.anaconda.com/pkgs/main/linux-aarch64/ensureconda-1.4.7-py312hd43f75c_0.conda#7168aaba3c50e5fb4ab14d40e832f498
https://repo.anaconda.com/pkgs/main/linux-aarch64/google-auth-2.38.0-py312hd43f75c_1.conda#ea6a6fa7cf62c93caa4525d42bb3d536
https://repo.anaconda.com/pkgs/main/linux-aarch64/ipylab-1.0.0-py312hd43f75c_0.conda#4359eb38d01ab50d58cbff86c47f75e7
https://repo.anaconda.com/pkgs/main/linux-aarch64/jupytext-1.18.1-py312hd43f75c_0.conda#9a696f37ac3adb2e0832a18a5f0f9784
https://repo.anaconda.com/pkgs/main/linux-aarch64/nbclient-0.10.2-py312hd43f75c_0.conda#1ae666dbf80464ba981d9746e0c10f11
https://conda.anaconda.org/conda-forge/noarch/python-on-whales-0.79.0-pyh332efcf_0.conda#cdc535af740dcd2c3b7ef09638c6d5ff
https://repo.anaconda.com/pkgs/main/linux-aarch64/requests-oauthlib-2.0.0-py312hd43f75c_0.conda#41be2941acf3b449ed67dd8f29f370b0
https://repo.anaconda.com/pkgs/main/linux-aarch64/requests-toolbelt-1.0.0-py312hd43f75c_0.conda#359a7d9f16d03c08e8f65ede1bb9124e
https://repo.anaconda.com/pkgs/main/linux-aarch64/sphinx-8.2.3-py312h998d150_0.conda#482295de03a10adb2c9c114d18d5b0f4
https://repo.anaconda.com/pkgs/main/linux-aarch64/cachecontrol-with-filecache-0.14.3-py312hd43f75c_0.conda#08199476d353d25fdf508075f624b001
https://repo.anaconda.com/pkgs/main/linux-aarch64/conda-package-handling-2.4.0-py312hd43f75c_1.conda#11cc3626b02f19d85888bcf7b1fddacb
https://conda.anaconda.org/conda-forge/noarch/fica-0.4.1-pyhd8ed1ab_1.conda#273ef05a41cfcf1265c83bb2bfb5156b
https://repo.anaconda.com/pkgs/main/linux-aarch64/google-api-core-2.26.0-py312hd43f75c_0.conda#7fc2cb1784ae1b830f71c85d886bf3f7
https://conda.anaconda.org/conda-forge/noarch/google-auth-httplib2-0.2.1-pyhd8ed1ab_0.conda#adbe485b64ac928f95d4029c0b4f032d
https://repo.anaconda.com/pkgs/main/linux-aarch64/google-auth-oauthlib-1.2.3-py312hd43f75c_0.conda#5625842e993fc4ea3fd441abfbe30603
https://repo.anaconda.com/pkgs/main/linux-aarch64/nbconvert-core-7.16.6-py312hd43f75c_0.conda#2ca96d75afee47f3b3332384428374ee
https://repo.anaconda.com/pkgs/main/linux-aarch64/conda-lock-3.0.4-py312hd43f75c_0.conda#2c4397c1f8f1eadb40d1066b9c18d35b
https://conda.anaconda.org/conda-forge/noarch/google-api-python-client-2.187.0-pyh332efcf_0.conda#88ac4a55841541d5517d9a1eb468239c
https://repo.anaconda.com/pkgs/main/linux-aarch64/jupyter_server-2.16.0-py312hd43f75c_0.conda#2e140d61e11afaf7348f4e396d132484
https://repo.anaconda.com/pkgs/main/linux-aarch64/jupyter-lsp-2.2.5-py312hd43f75c_0.conda#5503c090fde497c355401925b923076c
https://repo.anaconda.com/pkgs/main/linux-aarch64/jupyter-server-mathjax-0.2.6-py312hd43f75c_1.conda#9d85ff250029e146da62674c3b6fe294
https://repo.anaconda.com/pkgs/main/linux-aarch64/jupyterlab_server-2.28.0-py312hd43f75c_0.conda#c2caf10524b9fbee21e453f7e882fd53
https://repo.anaconda.com/pkgs/main/linux-aarch64/notebook-shim-0.2.4-py312hd43f75c_0.conda#122657453445cbd965fba6cc5e0f65e1
https://conda.anaconda.org/conda-forge/noarch/otter-grader-base-6.1.6-pyhcf101f3_2.conda#140f3e28335b71d1b421e5885141d7aa
https://repo.anaconda.com/pkgs/main/linux-aarch64/jupyterlab-4.4.7-py312hd43f75c_0.conda#5f965f2687dc4b99abca26e50c51f100
https://repo.anaconda.com/pkgs/main/linux-aarch64/nbdime-4.0.2-py312hd43f75c_0.conda#d0953e8df5ebe6657ed64407167e249f
https://conda.anaconda.org/conda-forge/noarch/otter-grader-6.1.6-pyh7f80d73_2.conda#570b42df26e3927baa904768a6612121
https://repo.anaconda.com/pkgs/main/linux-aarch64/jupyterlab-git-0.51.2-py312hd43f75c_0.conda#9c195200945e0a5d9862e817c40cce33
https://conda.anaconda.org/conda-forge/noarch/jupyterlab-spellchecker-0.8.4-pyhd8ed1ab_0.conda#aee68a8ea335e07fab06e8d8f544c146
https://repo.anaconda.com/pkgs/main/linux-aarch64/notebook-7.4.5-py312hd43f75c_0.conda#9034c895d99656306b8e4c3c34a16531
https://repo.anaconda.com/pkgs/main/linux-aarch64/nb_conda_kernels-2.5.2-py312hd43f75c_2.conda#c54df0aae249f7d6605e080f1e05db94
https://repo.anaconda.com/pkgs/main/linux-aarch64/conda-25.9.1-py312hd43f75c_0.conda#d33fc3f3ae4dd0c4352f98b493d758fa
https://repo.anaconda.com/pkgs/main/noarch/conda-libmamba-solver-25.4.0-pyhdf14ebd_1.conda#26e244a9dbbaf8d02620aee9c6bf16ab
