# Generated by conda-lock.
# platform: linux-64
# input_hash: 645d3582edbc224465cdd88f70a3f63c2d06cc1e6db9bc6e1f7144e8e45d223d
@EXPLICIT
https://repo.anaconda.com/pkgs/main/linux-64/_libgcc_mutex-0.1-main.conda#c3473ff8bdb3d124ed5ff11ec380d6f9
https://repo.anaconda.com/pkgs/main/linux-64/blas-1.0-openblas.conda#9ddfcaef10d79366c90128f5dc444be8
https://repo.anaconda.com/pkgs/main/linux-64/ca-certificates-2025.11.4-h06a4308_0.conda#f04cd5aa67216b77e8f664bb4c7098a4
https://repo.anaconda.com/pkgs/main/noarch/pybind11-abi-4-hd3eb1b0_1.conda#4e440592a9fb70c880b74621aee6c967
https://repo.anaconda.com/pkgs/main/linux-64/python_abi-3.12-1_cp312.conda#d88976d4fa6b79018a87a3d37d181cf2
https://repo.anaconda.com/pkgs/main/noarch/tzdata-2025b-h04d1e81_0.conda#1d027393db3427ab22a02aa44a56f143
https://repo.anaconda.com/pkgs/main/linux-64/ld_impl_linux-64-2.44-h153f514_2.conda#dffdc9a0e09d04051d4bd758e104f4b3
https://repo.anaconda.com/pkgs/main/linux-64/libgomp-15.2.0-h4751f2c_7.conda#82025ed6da944bd419d42d9b1ff116aa
https://repo.anaconda.com/pkgs/main/linux-64/_openmp_mutex-5.1-1_gnu.conda#71d281e9c2192cb3fa425655a8defb85
https://repo.anaconda.com/pkgs/main/linux-64/libgcc-15.2.0-h69a1729_7.conda#01fb1b8725fc7f66312b9d409758917a
https://conda.anaconda.org/conda-forge/linux-64/libexpat-2.7.3-hecca717_0.conda#8b09ae86839581147ef2e5c5e229d164
https://conda.anaconda.org/conda-forge/linux-64/libffi-3.5.2-h9ec8514_0.conda#35f29eec58405aaf55e01cb470d8c26a
https://repo.anaconda.com/pkgs/main/linux-64/libgcc-ng-15.2.0-h166f726_7.conda#2783efb2502b9caa7f08e25fd54df899
https://repo.anaconda.com/pkgs/main/linux-64/libgfortran5-15.2.0-hc633d37_7.conda#78b0f996039e81b01b72b06005bcf4d5
https://conda.anaconda.org/conda-forge/linux-64/liblzma-5.8.1-hb9d3cd8_2.conda#1a580f7796c7bf6393fddb8bbbde58dc
https://conda.anaconda.org/conda-forge/linux-64/libnsl-2.0.1-hb9d3cd8_1.conda#d864d34357c3b65a4b731f78c0801dc4
https://repo.anaconda.com/pkgs/main/linux-64/libstdcxx-15.2.0-h39759b7_7.conda#7dc7ec61ceea5de17f3e2c4c5f442fc6
https://conda.anaconda.org/conda-forge/linux-64/libuuid-2.41.2-he9a06e4_0.conda#80c07c68d2f6870250959dcc95b209d1
https://conda.anaconda.org/conda-forge/linux-64/openssl-3.6.0-h26f9b46_0.conda#9ee58d5c534af06558933af3c845a780
https://repo.anaconda.com/pkgs/main/linux-64/bzip2-1.0.8-h5eee18b_6.conda#f21a3ff51c1b271977f53ce956a69297
https://conda.anaconda.org/conda-forge/linux-64/fmt-11.1.4-h07f6e7f_1.conda#288a90e722fd7377448b00b2cddcb90d
https://repo.anaconda.com/pkgs/main/linux-64/jansson-2.14-h5eee18b_1.conda#852537d568f5ed410a100d65424039dc
https://repo.anaconda.com/pkgs/main/linux-64/libev-4.33-h7f8727e_1.conda#5065620db4393fb549f30114a33897d1
https://repo.anaconda.com/pkgs/main/linux-64/libgfortran-15.2.0-h166f726_7.conda#52c23eb64400224f6a46c7439bbbddce
https://repo.anaconda.com/pkgs/main/linux-64/libiconv-1.16-h5eee18b_3.conda#197b1a0886a31fccab2167340528eebc
https://conda.anaconda.org/conda-forge/linux-64/liblzma-devel-5.8.1-hb9d3cd8_2.conda#f61edadbb301530bd65a32646bd81552
https://repo.anaconda.com/pkgs/main/linux-64/libsodium-1.0.20-heac8642_0.conda#fc677dc4b0fa21d20589f8b2a2943ea5
https://repo.anaconda.com/pkgs/main/linux-64/libstdcxx-ng-15.2.0-hc03a8fd_7.conda#cf200522c0b13d64bf81035358d05f5b
https://repo.anaconda.com/pkgs/main/linux-64/libunistring-1.3-hb25bd0a_0.conda#46838e72a11b9934a5e4e40530018ccf
https://repo.anaconda.com/pkgs/main/linux-64/libuv-1.48.0-h5eee18b_0.conda#b25533c0b9f7789b73014df2d8f83f84
https://conda.anaconda.org/conda-forge/linux-64/libxcrypt-4.4.36-hd590300_1.conda#5aa797f8787fe7a17d1b0821485b5adc
https://repo.anaconda.com/pkgs/main/linux-64/libzlib-1.3.1-hb25bd0a_0.conda#338ee51e19ee211b7fc994d4ba88c631
https://repo.anaconda.com/pkgs/main/linux-64/ncurses-6.5-h7934f7d_0.conda#0abfc090299da4bb031b84c64309757b
https://repo.anaconda.com/pkgs/main/linux-64/pthread-stubs-0.3-h0ce48e5_1.conda#973a642312d2a28927aaf5b477c67250
https://repo.anaconda.com/pkgs/main/linux-64/reproc-14.2.4-h6a678d5_2.conda#3c6dbc6c60b3897222d79359343e90fa
https://conda.anaconda.org/conda-forge/linux-64/simdjson-3.12.3-h84d6215_0.conda#595c86db43ee33b84ae7c3569b70d824
https://repo.anaconda.com/pkgs/main/linux-64/xorg-libxau-1.0.12-h9b100fa_0.conda#a8005a9f6eb903e113cd5363e8a11459
https://repo.anaconda.com/pkgs/main/linux-64/xorg-libxdmcp-1.1.5-h9b100fa_0.conda#c284a09ddfba81d9c4e740110f09ea06
https://repo.anaconda.com/pkgs/main/linux-64/xorg-xorgproto-2024.1-h5eee18b_1.conda#412a0d97a7a51d23326e57226189da92
https://conda.anaconda.org/conda-forge/linux-64/xz-gpl-tools-5.8.1-hbcc6ac9_2.conda#bf627c16aa26231720af037a2709ab09
https://conda.anaconda.org/conda-forge/linux-64/xz-tools-5.8.1-hb9d3cd8_2.conda#1bad2995c8f1c8075c6c331bf96e46fb
https://repo.anaconda.com/pkgs/main/linux-64/yaml-0.2.5-h7b6447c_0.conda#39fdbf4db769e494ffb06d95680c83d8
https://repo.anaconda.com/pkgs/main/linux-64/c-ares-1.34.5-hef5626c_0.conda#4a0059c416e26b3c5e8a8fdf11dfa811
https://repo.anaconda.com/pkgs/main/linux-64/cpp-expected-1.1.0-hdb19cb5_0.conda#3a195bcf47b691adb4a635a8b7f396f7
https://repo.anaconda.com/pkgs/main/linux-64/expat-2.7.3-h3385a95_0.conda#105822d24b4de9055e705a7d76549416
https://repo.anaconda.com/pkgs/main/linux-64/icu-73.1-h6a678d5_0.conda#6d09df641fc23f7d277a04dc7ea32dd4
https://repo.anaconda.com/pkgs/main/linux-64/libgfortran-ng-15.2.0-h166f726_7.conda#7ec53b6e26052cbd81a768da1c037c0e
https://conda.anaconda.org/conda-forge/linux-64/libsolv-0.7.35-h9463b59_0.conda#21769ce326958ec230cdcbd0f2ad97eb
https://conda.anaconda.org/conda-forge/linux-64/libsqlite-3.51.0-h0c1763c_0.conda#a3205ecbffb255ca27e0540c8494a2ee
https://repo.anaconda.com/pkgs/main/linux-64/libxcb-1.17.0-h9b100fa_0.conda#fdf0d380fa3809a301e2dbc0d5183883
https://repo.anaconda.com/pkgs/main/linux-64/lz4-c-1.9.4-h6a678d5_1.conda#2ee58861f2b92b868ce761abb831819d
https://conda.anaconda.org/conda-forge/linux-64/nlohmann_json-3.11.3-he02047a_1.conda#e46f7ac4917215b49df2ea09a694a3fa
https://repo.anaconda.com/pkgs/main/linux-64/readline-8.3-hc2a1206_0.conda#8578e006d4ef5cb98a6cda232b3490f6
https://repo.anaconda.com/pkgs/main/linux-64/reproc-cpp-14.2.4-h6a678d5_2.conda#b03aa4903158279f003e7032ab9f5601
https://conda.anaconda.org/conda-forge/linux-64/xz-5.8.1-hbcc6ac9_2.conda#68eae977d7d1196d32b636a026dc015d
https://repo.anaconda.com/pkgs/main/linux-64/yaml-cpp-0.8.0-h6a678d5_1.conda#015d2d74ad3c8e53eec3358637433718
https://repo.anaconda.com/pkgs/main/linux-64/zeromq-4.3.5-hb0a5e54_1.conda#5ed4ea876122e1fdf315791f2afdd9cd
https://repo.anaconda.com/pkgs/main/linux-64/zlib-1.3.1-hb25bd0a_0.conda#9f3a877e5e0fa0fb39253a59ff824861
https://repo.anaconda.com/pkgs/main/linux-64/libopenblas-0.3.30-h46f56fc_2.conda#d034d1566a03e464b350eea50a39fe40
https://repo.anaconda.com/pkgs/main/linux-64/libssh2-1.11.1-h251f7ec_0.conda#dd68c24355431c0543339dda1404129d
https://repo.anaconda.com/pkgs/main/linux-64/libxml2-2.13.9-h2c43086_0.conda#72d5d2d627dd9b7780781e7aa6a12689
https://repo.anaconda.com/pkgs/main/linux-64/xorg-libx11-1.8.12-h9b100fa_1.conda#6298b27afae6f49f03765b2a03df2fcb
https://repo.anaconda.com/pkgs/main/linux-64/zstd-1.5.7-h11fc155_0.conda#93b0e546434bfb874aeefd6bb6cf40bb
https://repo.anaconda.com/pkgs/main/linux-64/dbus-1.16.2-h5bd4931_0.conda#4c4aef417b613e7111d90cf2348b231a
https://repo.anaconda.com/pkgs/main/linux-64/gettext-0.21.0-hedfda30_2.conda#2428b016a86d039c07438cad7f1f878a
https://repo.anaconda.com/pkgs/main/linux-64/libarchive-3.7.7-hfab0078_0.conda#c208e4f83c30250d659102b271e8d4e6
https://repo.anaconda.com/pkgs/main/linux-64/libnghttp2-1.67.1-h697f920_0.conda#c509cea724fbc22300e5ce9ced97d569
https://repo.anaconda.com/pkgs/main/linux-64/tk-8.6.15-h54e0aa7_0.conda#1fa91e0c4fc9c9435eda3f1a25a676fd
https://repo.anaconda.com/pkgs/main/linux-64/libidn2-2.3.8-hf80d704_0.conda#7ab70b332bb2df9ce90a1567126b5d2a
https://conda.anaconda.org/conda-forge/linux-64/python-3.12.12-hd63d673_1_cpython.conda#5c00c8cea14ee8d02941cab9121dce41
https://repo.anaconda.com/pkgs/main/linux-64/aiohappyeyeballs-2.6.1-py312h06a4308_0.conda#f91c991cd87739e7a605f13d01b17e17
https://repo.anaconda.com/pkgs/main/linux-64/alabaster-0.7.16-py312h06a4308_0.conda#67972d62839c54349ef3e627be0ddaba
https://repo.anaconda.com/pkgs/main/linux-64/annotated-types-0.6.0-py312h06a4308_1.conda#ceea0252896b87582bfb6a30970faeb7
https://repo.anaconda.com/pkgs/main/noarch/appdirs-1.4.4-pyhd3eb1b0_0.conda#5673d98d06171cb6eed03a6736845c4d
https://repo.anaconda.com/pkgs/main/noarch/archspec-0.2.5-pyhd3eb1b0_0.conda#c0ad195970a65c174b997011ac13f2f8
https://repo.anaconda.com/pkgs/main/linux-64/asttokens-3.0.0-py312h06a4308_0.conda#9ad93467c7599bedd6ad2c1b306ab37b
https://repo.anaconda.com/pkgs/main/linux-64/async-lru-2.0.5-py312h06a4308_0.conda#4145654ca18cd189023d4860849dc9cd
https://repo.anaconda.com/pkgs/main/linux-64/attrs-25.4.0-py312h06a4308_2.conda#fcacc6b1cd932cc5e01cdc5810270808
https://repo.anaconda.com/pkgs/main/linux-64/babel-2.16.0-py312h06a4308_0.conda#5705164b5d88259dfa3bf943d89f85d1
https://repo.anaconda.com/pkgs/main/linux-64/boltons-25.0.0-py312h06a4308_0.conda#d083f999619aa3abbd12666d05f47f3a
https://repo.anaconda.com/pkgs/main/linux-64/cachetools-5.5.1-py312h06a4308_0.conda#53e6ba7e0f25bfabcfa57855f4d0a829
https://repo.anaconda.com/pkgs/main/linux-64/certifi-2025.11.12-py312h06a4308_0.conda#821d68a84da5e4fb232356117133586d
https://repo.anaconda.com/pkgs/main/linux-64/charset-normalizer-3.4.4-py312h06a4308_0.conda#bd050f570b15d42333eb8cd21c992a67
https://repo.anaconda.com/pkgs/main/linux-64/click-8.2.1-py312h06a4308_0.conda#e39bf8a95040f93c7e52ab20568553d9
https://repo.anaconda.com/pkgs/main/linux-64/colorama-0.4.6-py312h06a4308_0.conda#6175699c700cc4e4bf18ffc86778e488
https://repo.anaconda.com/pkgs/main/linux-64/comm-0.2.3-py312h06a4308_0.conda#78baa8f3d2baaec6bc9df9c4c53a0334
https://repo.anaconda.com/pkgs/main/linux-64/crashtest-0.4.1-py312h06a4308_1.conda#1cb641b964de9aec8c20f36297429bbe
https://repo.anaconda.com/pkgs/main/linux-64/debugpy-1.8.16-py312hbdd6827_1.conda#23d15979fe992dc615c5b929d9414d4f
https://repo.anaconda.com/pkgs/main/linux-64/decorator-5.2.1-py312h06a4308_0.conda#be9eb6f166edd98fae804833ae0d76d7
https://repo.anaconda.com/pkgs/main/noarch/defusedxml-0.7.1-pyhd3eb1b0_0.conda#d912068b0729930972adcaac338882c0
https://repo.anaconda.com/pkgs/main/linux-64/dill-0.4.0-py312h06a4308_0.conda#f5e28e854de711163f36ff41a6629795
https://repo.anaconda.com/pkgs/main/linux-64/distlib-0.4.0-py312hee96239_0.conda#bb87c762d827edf4cddf9b7be720da09
https://repo.anaconda.com/pkgs/main/linux-64/distro-1.9.0-py312h06a4308_0.conda#71b90a563af005b336c976cc9466221c
https://repo.anaconda.com/pkgs/main/linux-64/docutils-0.21.2-py312h06a4308_1.conda#9e8dbfc62191f9f0f242efd9384c78fb
https://repo.anaconda.com/pkgs/main/linux-64/executing-2.2.1-py312h06a4308_0.conda#990c31ff3c499a04c668f34d87bda842
https://repo.anaconda.com/pkgs/main/linux-64/filelock-3.20.0-py312h06a4308_0.conda#64599e652ab00f602a14cc33cb295df3
https://repo.anaconda.com/pkgs/main/linux-64/frozendict-2.4.6-py312hee96239_0.conda#395fa2a5c84c4dc6daa87cf6e0e9d83a
https://repo.anaconda.com/pkgs/main/linux-64/frozenlist-1.8.0-py312hbdd6827_0.conda#ea79ec52fe4f707512cd17048d88298f
https://repo.anaconda.com/pkgs/main/linux-64/h11-0.16.0-py312h06a4308_1.conda#dbf5952c9701e8d4a05d6f6f4150838e
https://repo.anaconda.com/pkgs/main/linux-64/idna-3.11-py312h06a4308_0.conda#d387c2d3c12b75cff50c35c600839b3a
https://repo.anaconda.com/pkgs/main/linux-64/imagesize-1.4.1-py312h06a4308_0.conda#988aa1d281a4ecadadc74d2e5593913f
https://repo.anaconda.com/pkgs/main/linux-64/jaraco.context-6.0.0-py312h06a4308_0.conda#e5d335aaac415ee51b1f18b05187795e
https://repo.anaconda.com/pkgs/main/noarch/jeepney-0.7.1-pyhd3eb1b0_0.conda#f115ef0af90b59f35ef56743955979a4
https://repo.anaconda.com/pkgs/main/linux-64/json5-0.12.1-py312h06a4308_0.conda#110ceb48533832d94d1d37b5e343c54d
https://repo.anaconda.com/pkgs/main/linux-64/jsonpointer-3.0.0-py312h06a4308_0.conda#8da6fd8e60ffdffb96e4bf9c1e2497ef
https://repo.anaconda.com/pkgs/main/linux-64/jupyterlab_widgets-3.0.15-py312h06a4308_0.conda#cd67174f404c905c72fc551e01dc875c
https://repo.anaconda.com/pkgs/main/linux-64/libcurl-8.16.0-heebcbe5_0.conda#81b2edf1cf80820ca4ad1481e8f049d8
https://repo.anaconda.com/pkgs/main/linux-64/markupsafe-3.0.2-py312h5eee18b_0.conda#0a690d5eec4f78b58898a636491cc40e
https://repo.anaconda.com/pkgs/main/linux-64/mdurl-0.1.2-py312h06a4308_0.conda#9b87edaf9fd10be18a440c723b39692a
https://repo.anaconda.com/pkgs/main/linux-64/menuinst-2.4.1-py312h06a4308_1.conda#a9cd4b3bd2ea11b82b58969ee87fd9bd
https://repo.anaconda.com/pkgs/main/linux-64/mistune-3.1.2-py312h06a4308_0.conda#b3faf4846e1bc3e013efcb290b9d9673
https://repo.anaconda.com/pkgs/main/linux-64/more-itertools-10.8.0-py312h06a4308_0.conda#3f707f3a66692c02eb899da0df918a14
https://repo.anaconda.com/pkgs/main/linux-64/msgpack-python-1.1.1-py312h6a678d5_0.conda#8ad93710c2b3fccb5b1ba59f2062f863
https://repo.anaconda.com/pkgs/main/linux-64/multidict-6.7.0-py312hee96239_0.conda#460e894dd68072dba38ee0a2befaa73c
https://repo.anaconda.com/pkgs/main/linux-64/nest-asyncio-1.6.0-py312h06a4308_0.conda#54db123c667472579092ce402f242702
https://repo.anaconda.com/pkgs/main/linux-64/numpy-base-2.3.5-py312h4bc27c9_0.conda#795b92dcfcb73bd978eb1b2891ca8c63
https://repo.anaconda.com/pkgs/main/linux-64/oauthlib-3.3.1-py312h06a4308_0.conda#b3c9a9010c8de8478cb1296160c2b60d
https://repo.anaconda.com/pkgs/main/linux-64/overrides-7.7.0-py312h06a4308_0.conda#0723afac32406a2318ae9a47a851387e
https://repo.anaconda.com/pkgs/main/linux-64/packaging-25.0-py312h06a4308_1.conda#814f295c8736258a4c8310804da81e86
https://repo.anaconda.com/pkgs/main/linux-64/pandocfilters-1.5.1-py312h06a4308_0.conda#56294771ec7bc383f51d76888c5c3d35
https://repo.anaconda.com/pkgs/main/linux-64/parso-0.8.5-py312h06a4308_0.conda#687b2b106c70a1e4ba42eee2ec52139c
https://repo.anaconda.com/pkgs/main/linux-64/pkginfo-1.12.0-py312h06a4308_0.conda#1d059077bde78be807b3078dba94f9f9
https://repo.anaconda.com/pkgs/main/linux-64/platformdirs-4.5.0-py312h06a4308_0.conda#22810d4a2d4fa4743cd21439b273f180
https://repo.anaconda.com/pkgs/main/linux-64/pluggy-1.5.0-py312h06a4308_0.conda#1287a7b660a041fbbb8931defb9111d6
https://repo.anaconda.com/pkgs/main/linux-64/prometheus_client-0.21.1-py312h06a4308_0.conda#047de8a9cc29f69acecaa2f4ac80c332
https://repo.anaconda.com/pkgs/main/linux-64/propcache-0.3.1-py312h5eee18b_0.conda#932dc74f5b3acb8b25e11ef350985d26
https://repo.anaconda.com/pkgs/main/linux-64/protobuf-6.33.0-py312hbdd6827_0.conda#dc9dc716d0edcc7aa5b2915afc3d8ff8
https://repo.anaconda.com/pkgs/main/linux-64/psutil-7.0.0-py312hee96239_1.conda#f50e5e54514fcd1233062dbce73ef818
https://repo.anaconda.com/pkgs/main/noarch/ptyprocess-0.7.0-pyhd3eb1b0_3.conda#f50f8c0bccb614213191c4aaa854e76f
https://repo.anaconda.com/pkgs/main/linux-64/pure_eval-0.2.3-py312h06a4308_0.conda#4e54a5325076d58b88c0d3d0aacc7734
https://repo.anaconda.com/pkgs/main/linux-64/pyasn1-0.6.1-py312h06a4308_0.conda#5237ba0002e587614394fc7c01cb5e12
https://repo.anaconda.com/pkgs/main/linux-64/pycosat-0.6.6-py312h5eee18b_2.conda#a367210937e0fcd71a3796820e243cb9
https://repo.anaconda.com/pkgs/main/linux-64/pycparser-2.23-py312h06a4308_0.conda#8c17c74200f28e0743a97e722ed28199
https://repo.anaconda.com/pkgs/main/linux-64/pygments-2.19.2-py312h06a4308_0.conda#f2ed0bcdb26a92095059828b971a6f62
https://repo.anaconda.com/pkgs/main/linux-64/pyparsing-3.2.5-py312h06a4308_0.conda#0d3cf3a59246e61884796cc43444c341
https://repo.anaconda.com/pkgs/main/linux-64/pyproject_hooks-1.2.0-py312h06a4308_1.conda#aa1eee01ceb5b357ac2cabe6cf27b198
https://repo.anaconda.com/pkgs/main/linux-64/pysocks-1.7.1-py312h06a4308_1.conda#2afa6822053312563592f9a6e44082f1
https://repo.anaconda.com/pkgs/main/linux-64/python-fastjsonschema-2.21.2-py312h06a4308_0.conda#c846ccc1646efca79d65498bb19aa4cc
https://repo.anaconda.com/pkgs/main/noarch/python-installer-0.7.0-pyhd3eb1b0_1.conda#e6e9eebc3f5a566edd993f3de7f21e01
https://repo.anaconda.com/pkgs/main/linux-64/python-json-logger-3.2.1-py312h06a4308_0.conda#781d9a9daaa7cd53bd3a840a991b4396
https://repo.anaconda.com/pkgs/main/noarch/python-tzdata-2025.2-pyhd3eb1b0_0.conda#5ac858f05dbf9d3cdb04d53516901247
https://repo.anaconda.com/pkgs/main/linux-64/pytz-2025.2-py312h06a4308_0.conda#0de71767927a8de4b522ff5e43cda03d
https://repo.anaconda.com/pkgs/main/linux-64/pyyaml-6.0.3-py312h591646f_0.conda#01e406f19472c77dbca1c79aad0543dc
https://repo.anaconda.com/pkgs/main/linux-64/pyzmq-27.1.0-py312hcf8288c_1.conda#17dfbd2ef06a78a6b71924856a0566bc
https://repo.anaconda.com/pkgs/main/linux-64/rfc3986-validator-0.1.1-py312h06a4308_0.conda#f9800ce161ed779b8cf7a1cd6d7ae0f5
https://repo.anaconda.com/pkgs/main/linux-64/roman-numerals-py-3.1.0-py312h06a4308_0.conda#e79e1da308afc66f6bf9e65fccb53083
https://repo.anaconda.com/pkgs/main/linux-64/rpds-py-0.28.0-py312h498d7c9_0.conda#e2b3459f94e6efb15e4e5ea2f705d4e0
https://repo.anaconda.com/pkgs/main/linux-64/ruamel.yaml.clib-0.2.14-py312h4aee224_0.conda#5bbe4bcb853db6e51d8a93e995d569da
https://repo.anaconda.com/pkgs/main/linux-64/semver-3.0.4-py312h06a4308_0.conda#41e590a21fc1dba57d08364fc13512c0
https://repo.anaconda.com/pkgs/main/linux-64/send2trash-1.8.2-py312h06a4308_1.conda#8584e341b5a6495e15167cc35a5883c3
https://repo.anaconda.com/pkgs/main/linux-64/setuptools-80.9.0-py312h06a4308_0.conda#16d9b9f6c665ab6d246e8641addba7d3
https://repo.anaconda.com/pkgs/main/linux-64/shellingham-1.5.4-py312h06a4308_0.conda#38893460fa8c9153358118ed78243855
https://repo.anaconda.com/pkgs/main/linux-64/six-1.17.0-py312h06a4308_0.conda#67da338b9fe482d38a7bb281533023b5
https://repo.anaconda.com/pkgs/main/linux-64/smmap-5.0.2-py312h06a4308_0.conda#287bb57fe759387c28c12a2f95957f34
https://repo.anaconda.com/pkgs/main/linux-64/sniffio-1.3.0-py312h06a4308_0.conda#895787f939a4b06e04de62aa5ccd36d3
https://repo.anaconda.com/pkgs/main/linux-64/snowballstemmer-3.0.1-py312h06a4308_0.conda#6e5c3b2854185f4f75e055e4ba22b3f1
https://repo.anaconda.com/pkgs/main/linux-64/soupsieve-2.5-py312h06a4308_0.conda#102a7777bdfa79ba339be7bed43f8c7d
https://repo.anaconda.com/pkgs/main/noarch/sphinxcontrib-applehelp-2.0.0-pyhd3eb1b0_1.conda#dc1e9e85935977c16b57ae458f66c35f
https://repo.anaconda.com/pkgs/main/noarch/sphinxcontrib-devhelp-2.0.0-pyhd3eb1b0_0.conda#2ac17fc8c58df543e58ba60e5ec84836
https://repo.anaconda.com/pkgs/main/noarch/sphinxcontrib-htmlhelp-2.1.0-pyhd3eb1b0_0.conda#2b0ff9b31519311c3efb0418ffe90f53
https://repo.anaconda.com/pkgs/main/noarch/sphinxcontrib-jsmath-1.0.1-pyhd3eb1b0_0.tar.bz2#e43f8de7d6a717935ab220a0c957771d
https://repo.anaconda.com/pkgs/main/noarch/sphinxcontrib-qthelp-2.0.0-pyhd3eb1b0_1.conda#719c3fac1931de3f9fcfeeb36df461bf
https://repo.anaconda.com/pkgs/main/noarch/sphinxcontrib-serializinghtml-2.0.0-pyhd3eb1b0_0.conda#e5856b5b3e38cb97734ebd28fc06525d
https://repo.anaconda.com/pkgs/main/linux-64/tomlkit-0.13.3-py312h06a4308_0.conda#de980021b8d067c3df498969fb5dde91
https://repo.anaconda.com/pkgs/main/linux-64/tornado-6.5.1-py312h5eee18b_0.conda#3188c1b130b3471d56eaacb9456198df
https://repo.anaconda.com/pkgs/main/linux-64/tqdm-4.67.1-py312h7040dfc_1.conda#d44b4e9dfdf5a0704679f750dbeed75f
https://repo.anaconda.com/pkgs/main/linux-64/traitlets-5.14.3-py312h06a4308_0.conda#e597b4bbf8d30abd7ae5ac5d4a436176
https://repo.anaconda.com/pkgs/main/linux-64/trove-classifiers-2025.5.9.12-py312h06a4308_0.conda#4a9e90fa4ab048930e9086761b648333
https://repo.anaconda.com/pkgs/main/linux-64/truststore-0.10.1-py312h06a4308_1.conda#702c278e6beb50b50131375ef674a8fd
https://repo.anaconda.com/pkgs/main/linux-64/typing_extensions-4.15.0-py312h06a4308_0.conda#2881b3e056542a105761151498040909
https://conda.anaconda.org/conda-forge/noarch/uritemplate-4.2.0-pyhd8ed1ab_0.conda#39224004f2b57cf7a7fb3d83610ab633
https://repo.anaconda.com/pkgs/main/linux-64/uvloop-0.22.1-py312h939ff40_1.conda#f29e2c2ef1093874b9a8eda2ec311f66
https://conda.anaconda.org/conda-forge/linux-64/vl-convert-python-1.8.0-py312h4c3975b_1.conda#81a45c94ab29e315e4af584e0093994f
https://repo.anaconda.com/pkgs/main/linux-64/wcwidth-0.2.13-py312h06a4308_0.conda#47e507e6ced0be1cd81daa613c260d19
https://repo.anaconda.com/pkgs/main/linux-64/webencodings-0.5.1-py312h06a4308_2.conda#b93cb387bcd155121150257dbcf8eb28
https://repo.anaconda.com/pkgs/main/linux-64/websocket-client-1.8.0-py312h06a4308_0.conda#3c9d8408c05942366b679ff8b439179c
https://repo.anaconda.com/pkgs/main/linux-64/wheel-0.45.1-py312h06a4308_0.conda#831a395bb01094f81ff0a048b42ce820
https://repo.anaconda.com/pkgs/main/linux-64/widgetsnbextension-4.0.14-py312h06a4308_0.conda#23927336914cb03fca40928b1b11afee
https://repo.anaconda.com/pkgs/main/linux-64/wrapt-1.17.0-py312h5eee18b_0.conda#99b6fd234005e2cc0e5bd7a1679f092c
https://repo.anaconda.com/pkgs/main/linux-64/anyio-4.10.0-py312h06a4308_0.conda#dc1f2dc04e8911692968c8d9ee4c387d
https://repo.anaconda.com/pkgs/main/noarch/astunparse-1.6.3-py_0.conda#250bc9eafb39eff7fff001dae10e2d3c
https://repo.anaconda.com/pkgs/main/linux-64/bleach-6.2.0-py312h06a4308_0.conda#6a4cb3ffc85ceff46aeb6b3e9b0c8c57
https://repo.anaconda.com/pkgs/main/linux-64/cffi-2.0.0-py312h4eded50_1.conda#e7b19b25bae9ff179007748ae4e4f1d4
https://repo.anaconda.com/pkgs/main/linux-64/click-default-group-1.2.2-py312h06a4308_0.conda#040b76037750df8ea6e8d6c3a9167614
https://repo.anaconda.com/pkgs/main/linux-64/gitdb-4.0.12-py312h06a4308_0.conda#e0380c21b6bd198bcd0d0fe97de20be2
https://repo.anaconda.com/pkgs/main/linux-64/googleapis-common-protos-1.69.2-py312h06a4308_0.conda#2b8fab3e8ce087fa84da4363c4e463f7
https://repo.anaconda.com/pkgs/main/linux-64/httpcore-1.0.9-py312h06a4308_0.conda#e1b68c7b162cb872cd865171d7f72823
https://conda.anaconda.org/conda-forge/noarch/httplib2-0.31.0-pyhd8ed1ab_0.conda#33ee2e1652fdddcce06312eb0ab6c2d5
https://repo.anaconda.com/pkgs/main/linux-64/ipython_pygments_lexers-1.1.1-py312h06a4308_0.conda#0dfc76e36d0fc2d4dd1b17c0efb7fdce
https://repo.anaconda.com/pkgs/main/linux-64/jaraco.classes-3.4.0-py312h06a4308_0.conda#bf98d5639c43e53a381cd3e4fb829034
https://repo.anaconda.com/pkgs/main/linux-64/jaraco.functools-4.1.0-py312h06a4308_0.conda#1d9bc9d77ecbb5b467ac5b023eee982d
https://repo.anaconda.com/pkgs/main/linux-64/jedi-0.19.2-py312h06a4308_0.conda#25072b15a9102153fb40ddc570e9be0a
https://repo.anaconda.com/pkgs/main/linux-64/jinja2-3.1.6-py312h06a4308_0.conda#af29bd5af3d12d33f978b38cc3198bf0
https://repo.anaconda.com/pkgs/main/linux-64/jsonpatch-1.33-py312h06a4308_1.conda#c3de52aaf670064f85106ddb32d720d9
https://repo.anaconda.com/pkgs/main/linux-64/jupyter_core-5.8.1-py312h06a4308_0.conda#46134b2ba8d9e198753f0c83833a6a9f
https://repo.anaconda.com/pkgs/main/linux-64/jupyterlab_pygments-0.3.0-py312h06a4308_0.conda#2beddc1872f1168e70de792e06a64e8e
https://conda.anaconda.org/conda-forge/linux-64/libmamba-2.1.1-h430c389_0.conda#d30e4c7af7ded036a2ebf7ea5178d0f6
https://repo.anaconda.com/pkgs/main/linux-64/markdown-it-py-4.0.0-py312h06a4308_0.conda#a756037daf6dfb0c7b3ed86db4338fb6
https://repo.anaconda.com/pkgs/main/linux-64/matplotlib-inline-0.2.1-py312h06a4308_0.conda#f4e4739957c683d1a7bbe990d21d3b8e
https://repo.anaconda.com/pkgs/main/linux-64/numpy-2.3.5-py312h35d6838_0.conda#4b015667ac6fead0e76fdbcddfc30066
https://repo.anaconda.com/pkgs/main/linux-64/pexpect-4.9.0-py312h06a4308_1.conda#3ce2c5019eefea69bce6cf44c41b0ea6
https://repo.anaconda.com/pkgs/main/noarch/pip-25.3-pyhc872135_0.conda#f713912a259ec613b3832c3bc842e9d4
https://repo.anaconda.com/pkgs/main/linux-64/prompt-toolkit-3.0.52-py312h06a4308_1.conda#a17074f6e3921743baeb381c1090bec5
https://repo.anaconda.com/pkgs/main/linux-64/proto-plus-1.26.1-py312h06a4308_0.conda#04a258c03d16e7a8b98c342da9f73f95
https://repo.anaconda.com/pkgs/main/linux-64/pyasn1-modules-0.4.2-py312h06a4308_0.conda#c08d66cba1e82a3722dda080dd5055ed
https://repo.anaconda.com/pkgs/main/linux-64/python-build-1.3.0-py312h06a4308_1.conda#39be892c481c13db9530fe2cdb9aa6d8
https://repo.anaconda.com/pkgs/main/linux-64/python-dateutil-2.9.0post0-py312h06a4308_2.conda#06c8706a892aaaae74325c0b46c86d01
https://repo.anaconda.com/pkgs/main/linux-64/referencing-0.37.0-py312h06a4308_0.conda#66f995dd232ccec747a5a28a85f3811a
https://repo.anaconda.com/pkgs/main/linux-64/rfc3339-validator-0.1.4-py312h06a4308_0.conda#2b1db8c436c99c6856a78dad8f2278a1
https://repo.anaconda.com/pkgs/main/noarch/rsa-4.7.2-pyhd3eb1b0_1.conda#4a7551a8d3da2725b6994751bad902f2
https://repo.anaconda.com/pkgs/main/linux-64/ruamel.yaml-0.18.16-py312h4aee224_0.conda#3b04632e2b906fa558296ed7061f17fb
https://repo.anaconda.com/pkgs/main/linux-64/stack_data-0.6.3-py312h06a4308_0.conda#fa914d60a635608a31d014510d9354fa
https://repo.anaconda.com/pkgs/main/linux-64/terminado-0.18.1-py312h06a4308_0.conda#0954c86de28f3703d093b6ecc2f11ba7
https://repo.anaconda.com/pkgs/main/linux-64/tinycss2-1.4.0-py312h06a4308_0.conda#8c0c8ac1cb313d2474c27f26f0bc6806
https://repo.anaconda.com/pkgs/main/linux-64/typing-extensions-4.15.0-py312h06a4308_0.conda#f5a2f25128a58927f49da42bb17660a9
https://repo.anaconda.com/pkgs/main/linux-64/typing-inspection-0.4.2-py312h06a4308_0.conda#3d8dbe880668aff92e7f27e0c7dfc0ec
https://repo.anaconda.com/pkgs/main/linux-64/virtualenv-20.28.0-py312h06a4308_0.conda#f3843ea4e7a86a4fc2429cb0a25277a2
https://repo.anaconda.com/pkgs/main/linux-64/yarl-1.22.0-py312hee96239_0.conda#94b3d3eb5410acdccd99c689415afe71
https://repo.anaconda.com/pkgs/main/linux-64/aiosignal-1.4.0-py312h06a4308_0.conda#7135ea49474232ecefe363c553690535
https://repo.anaconda.com/pkgs/main/linux-64/argon2-cffi-bindings-25.1.0-py312hee96239_0.conda#0d512555eea2f022931b2ba7338abc72
https://repo.anaconda.com/pkgs/main/linux-64/beautifulsoup4-4.13.5-py312h06a4308_0.conda#e6ddc1748e39fee691e5c350404625a8
https://repo.anaconda.com/pkgs/main/linux-64/bottleneck-1.4.2-py312haa0f9ac_1.conda#c74bba2e669fc729bf7087b041ce6120
https://repo.anaconda.com/pkgs/main/linux-64/brotlicffi-1.1.0.0-py312hbdd6827_0.conda#6bd4046203424823a63e626bc01db09c
https://repo.anaconda.com/pkgs/main/linux-64/cryptography-46.0.3-py312h0a354b3_0.conda#743cb960487608ec98e78fdc228724c0
https://repo.anaconda.com/pkgs/main/linux-64/gitpython-3.1.45-py312h06a4308_0.conda#c6374ca249fe614756601931601fec4a
https://repo.anaconda.com/pkgs/main/linux-64/httpx-0.28.1-py312h06a4308_1.conda#66f290be90257ec5fe129ccd6267c1a9
https://repo.anaconda.com/pkgs/main/linux-64/jsonschema-specifications-2025.9.1-py312h06a4308_0.conda#cb7b259b25c2d9ced95ad0a054a441a9
https://repo.anaconda.com/pkgs/main/linux-64/jupyter_client-8.6.3-py312h06a4308_1.conda#ecbe37147654d59a85176a375787af44
https://repo.anaconda.com/pkgs/main/linux-64/jupyter_server_terminals-0.5.3-py312h06a4308_0.conda#80c5f6852b971fc1fba2ab5bf0d0c1fa
https://conda.anaconda.org/conda-forge/linux-64/libmambapy-2.1.1-py312h07448e0_0.conda#bacd05762068622b30be8a15bfd77078
https://conda.anaconda.org/conda-forge/linux-64/mamba-2.1.1-had4a41a_0.conda#a42dba86ec002c01ccf9e7b6e005bfc1
https://repo.anaconda.com/pkgs/main/linux-64/mdit-py-plugins-0.5.0-py312h06a4308_0.conda#f596b881c2985627bcd1d8250d1cec71
https://repo.anaconda.com/pkgs/main/linux-64/numexpr-2.14.1-py312ha5a4a6c_0.conda#3493110851706d22352b350a716bb2de
https://repo.anaconda.com/pkgs/main/noarch/prompt_toolkit-3.0.52-hd3eb1b0_1.conda#446203e5c534c79b7f50c217c76dd460
https://repo.anaconda.com/pkgs/main/linux-64/pycares-4.10.0-py312ha137689_0.conda#8dd63a8088b6601f6eb4831773d008f8
https://repo.anaconda.com/pkgs/main/linux-64/pydantic-core-2.41.4-py312h498d7c9_0.conda#bb75e5f86c7c81807a24f1afa24aad2e
https://repo.anaconda.com/pkgs/main/linux-64/rich-14.2.0-py312h06a4308_0.conda#c1c30ea3bf50b674cb1b9bceccd6ffab
https://repo.anaconda.com/pkgs/main/linux-64/zstandard-0.24.0-py312h3d778a8_0.conda#024b479469f54784e223ffadefa1f247
https://repo.anaconda.com/pkgs/main/linux-64/aiodns-3.5.0-py312h06a4308_1.conda#28caa5bb008f68b6ab055f118546c03f
https://repo.anaconda.com/pkgs/main/noarch/argon2-cffi-21.3.0-pyhd3eb1b0_0.conda#f00b851bc61b4c313903d31c7daecb09
https://repo.anaconda.com/pkgs/main/linux-64/ipython-9.7.0-py312h06a4308_0.conda#bdfd8fd78a4152677274cf8b636c7abf
https://repo.anaconda.com/pkgs/main/linux-64/jsonschema-4.25.0-py312h06a4308_1.conda#84ca4f68a6cdf143987c275b5dbe593c
https://repo.anaconda.com/pkgs/main/linux-64/pandas-2.3.3-py312h23c847b_1.conda#6ad922d30d080b3ba96e952921424536
https://repo.anaconda.com/pkgs/main/linux-64/pydantic-2.12.3-py312h06a4308_1.conda#19abee36d045dde0a9752020ac3c1011
https://repo.anaconda.com/pkgs/main/linux-64/pyopenssl-25.3.0-py312hef88997_0.conda#6155c4044a3fc0e8f0206cbc88a3c1fe
https://repo.anaconda.com/pkgs/main/linux-64/secretstorage-3.4.0-py312h3e8c6aa_0.conda#1a0ee7c25afd0fa1734563b96f07c943
https://repo.anaconda.com/pkgs/main/linux-64/typer-0.17.4-py312h06a4308_0.conda#fa728eb7d6c7a411bfba7680a2857832
https://repo.anaconda.com/pkgs/main/linux-64/urllib3-2.5.0-py312h06a4308_0.conda#74fadd7d250216542bcc09ff5e601893
https://repo.anaconda.com/pkgs/main/linux-64/aiohttp-3.13.2-py312hee96239_0.conda#777e691e8356fcd4cf281230140ec9c0
https://repo.anaconda.com/pkgs/main/linux-64/dulwich-0.22.7-py312h4aa5aa6_0.conda#2b340b113e222fb89717ba338dc8b8dc
https://repo.anaconda.com/pkgs/main/linux-64/ipykernel-6.31.0-py312h7040dfc_0.conda#f05bed9a5d6988752db8ef505f8c70f8
https://repo.anaconda.com/pkgs/main/linux-64/ipywidgets-8.1.7-py312h06a4308_0.conda#32b13de44527cdbb5b509385d81fa742
https://repo.anaconda.com/pkgs/main/linux-64/jupyter_events-0.12.0-py312h06a4308_0.conda#464bbcde5c267a3b5fbb2753ca1b0de9
https://repo.anaconda.com/pkgs/main/linux-64/keyring-25.7.0-py312h06a4308_0.conda#a3e060d09e8076a4fbda3e1ff2008746
https://repo.anaconda.com/pkgs/main/linux-64/nbformat-5.10.4-py312h06a4308_0.conda#81e80731bf530c45c7013d76e9ed45e3
https://repo.anaconda.com/pkgs/main/linux-64/requests-2.32.5-py312h06a4308_1.conda#1195ad548d0e5dfdd8a37a2ff7a19093
https://repo.anaconda.com/pkgs/main/linux-64/cachecontrol-0.14.3-py312h06a4308_0.conda#cf7edf5142c929d853f4da963fe23420
https://repo.anaconda.com/pkgs/main/linux-64/conda-package-streaming-0.12.0-py312h06a4308_1.conda#be65866e2e73c10cb343a8bf67110fa9
https://repo.anaconda.com/pkgs/main/linux-64/ensureconda-1.4.7-py312h06a4308_0.conda#09597932709cf8ee0e6ce4e7a83ffaff
https://repo.anaconda.com/pkgs/main/linux-64/google-auth-2.38.0-py312h06a4308_1.conda#53551722a89cc7c3433de93a15f6f59f
https://repo.anaconda.com/pkgs/main/linux-64/ipylab-1.0.0-py312h06a4308_0.conda#bdc7ea6eb4c8dbe6768b1bd242a9700c
https://repo.anaconda.com/pkgs/main/linux-64/jupytext-1.18.1-py312h06a4308_0.conda#8e50060527098c1e694c6e1aad9252fb
https://repo.anaconda.com/pkgs/main/linux-64/nbclient-0.10.2-py312h06a4308_0.conda#3050da9c60a4f9a463946e2379067f6d
https://conda.anaconda.org/conda-forge/noarch/python-on-whales-0.79.0-pyh332efcf_0.conda#cdc535af740dcd2c3b7ef09638c6d5ff
https://repo.anaconda.com/pkgs/main/linux-64/requests-oauthlib-2.0.0-py312h06a4308_0.conda#078bfa6c501a4e88db9607ba07b8921a
https://repo.anaconda.com/pkgs/main/linux-64/requests-toolbelt-1.0.0-py312h06a4308_0.conda#7aa77208d296f2bb73e3e71f5614e170
https://repo.anaconda.com/pkgs/main/linux-64/sphinx-8.2.3-py312h5eee18b_0.conda#891bc67420c6443f901a2d2a53c401b1
https://repo.anaconda.com/pkgs/main/linux-64/cachecontrol-with-filecache-0.14.3-py312h06a4308_0.conda#812a0680848e5d13363d34ca924f85ce
https://repo.anaconda.com/pkgs/main/linux-64/conda-package-handling-2.4.0-py312h06a4308_1.conda#a718badcb1e990ff9bb6c6cfd2e3da8f
https://conda.anaconda.org/conda-forge/noarch/fica-0.4.1-pyhd8ed1ab_1.conda#273ef05a41cfcf1265c83bb2bfb5156b
https://repo.anaconda.com/pkgs/main/linux-64/google-api-core-2.26.0-py312h06a4308_0.conda#5c88a6aa5f0a8149653e1c1d5a6279f4
https://conda.anaconda.org/conda-forge/noarch/google-auth-httplib2-0.2.1-pyhd8ed1ab_0.conda#adbe485b64ac928f95d4029c0b4f032d
https://repo.anaconda.com/pkgs/main/linux-64/google-auth-oauthlib-1.2.3-py312h06a4308_0.conda#71a78513562628843dd5b362c1fd66bc
https://repo.anaconda.com/pkgs/main/linux-64/nbconvert-core-7.16.6-py312h06a4308_0.conda#20decb7d3bc7ddc88c815326e4ed54f6
https://repo.anaconda.com/pkgs/main/linux-64/conda-lock-3.0.4-py312h06a4308_0.conda#47fcc52ed9c3d044137d89ed3382cbc2
https://conda.anaconda.org/conda-forge/noarch/google-api-python-client-2.187.0-pyh332efcf_0.conda#88ac4a55841541d5517d9a1eb468239c
https://repo.anaconda.com/pkgs/main/linux-64/jupyter_server-2.16.0-py312h06a4308_0.conda#4d6442d37215748460f13e629d7d2d8d
https://repo.anaconda.com/pkgs/main/linux-64/jupyter-lsp-2.2.5-py312h06a4308_0.conda#24964ec649ebb79dc9e2b93ae30a7cde
https://repo.anaconda.com/pkgs/main/linux-64/jupyter-server-mathjax-0.2.6-py312h06a4308_1.conda#429a51056ba3722f51d65c5c108e8b53
https://repo.anaconda.com/pkgs/main/linux-64/jupyterlab_server-2.28.0-py312h06a4308_0.conda#39a1993633edf981cd699868c817648e
https://repo.anaconda.com/pkgs/main/linux-64/notebook-shim-0.2.4-py312h06a4308_0.conda#43f73c0da4d2e1b616fd78c9fc200e54
https://conda.anaconda.org/conda-forge/noarch/otter-grader-base-6.1.6-pyhcf101f3_2.conda#140f3e28335b71d1b421e5885141d7aa
https://repo.anaconda.com/pkgs/main/linux-64/jupyterlab-4.4.7-py312h06a4308_0.conda#583825a5dbc7a9fc9e598506919ea60c
https://repo.anaconda.com/pkgs/main/linux-64/nbdime-4.0.2-py312h06a4308_0.conda#7fe596fc7204054a2e7fa9f208fabb18
https://conda.anaconda.org/conda-forge/noarch/otter-grader-6.1.6-pyh7f80d73_2.conda#570b42df26e3927baa904768a6612121
https://repo.anaconda.com/pkgs/main/linux-64/jupyterlab-git-0.51.2-py312h06a4308_0.conda#d07721abb820dfaf88ea54cced579fca
https://conda.anaconda.org/conda-forge/noarch/jupyterlab-spellchecker-0.8.4-pyhd8ed1ab_0.conda#aee68a8ea335e07fab06e8d8f544c146
https://repo.anaconda.com/pkgs/main/linux-64/notebook-7.4.5-py312h06a4308_0.conda#0be1acb3ee463d033b72170c770fd562
https://repo.anaconda.com/pkgs/main/linux-64/nb_conda_kernels-2.5.2-py312h06a4308_2.conda#75bc14ab861032096e4a3f693b5f8a3d
https://repo.anaconda.com/pkgs/main/linux-64/conda-25.9.1-py312h06a4308_0.conda#669e3b02e02b48f4937034795ecd1f02
https://repo.anaconda.com/pkgs/main/noarch/conda-libmamba-solver-25.4.0-pyhdf14ebd_1.conda#26e244a9dbbaf8d02620aee9c6bf16ab
